
Microsoft Visual Studio Solution File, Format Version 12.00
# Visual Studio Version 17
VisualStudioVersion = 17.9.34728.123
MinimumVisualStudioVersion = 10.0.40219.1
Project("{FAE04EC0-301F-11D3-BF4B-00C04F79EFBC}") = "AppNet", "AppNet\AppNet.csproj", "{BFAB5B93-BF79-451E-B414-913D7BD85018}"
EndProject
Project("{FAE04EC0-301F-11D3-BF4B-00C04F79EFBC}") = "ClientAppNet", "ClientAppNet\ClientAppNet.csproj", "{4DB69372-2FA3-425A-9BCC-8DDC157474B3}"
EndProject
Global
	GlobalSection(SolutionConfigurationPlatforms) = preSolution
		Debug|Any CPU = Debug|Any CPU
		Release|Any CPU = Release|Any CPU
	EndGlobalSection
	GlobalSection(ProjectConfigurationPlatforms) = postSolution
		{BFAB5B93-BF79-451E-B414-913D7BD85018}.Debug|Any CPU.ActiveCfg = Debug|Any CPU
		{BFAB5B93-BF79-451E-B414-913D7BD85018}.Debug|Any CPU.Build.0 = Debug|Any CPU
		{BFAB5B93-BF79-451E-B414-913D7BD85018}.Release|Any CPU.ActiveCfg = Release|Any CPU
		{BFAB5B93-BF79-451E-B414-913D7BD85018}.Release|Any CPU.Build.0 = Release|Any CPU
		{4DB69372-2FA3-425A-9BCC-8DDC157474B3}.Debug|Any CPU.ActiveCfg = Debug|Any CPU
		{4DB69372-2FA3-425A-9BCC-8DDC157474B3}.Debug|Any CPU.Build.0 = Debug|Any CPU
		{4DB69372-2FA3-425A-9BCC-8DDC157474B3}.Release|Any CPU.ActiveCfg = Release|Any CPU
		{4DB69372-2FA3-425A-9BCC-8DDC157474B3}.Release|Any CPU.Build.0 = Release|Any CPU
	EndGlobalSection
	GlobalSection(SolutionProperties) = preSolution
		HideSolutionNode = FALSE
	EndGlobalSection
	GlobalSection(ExtensibilityGlobals) = postSolution
		SolutionGuid = {3B5CCB00-EEEF-44C1-B040-B6F813E1CB80}
	EndGlobalSection
EndGlobal
